
Microsoft Visual Studio Solution File, Format Version 12.00
# Visual Studio Version 17
VisualStudioVersion = 17.4.33213.308
MinimumVisualStudioVersion = 10.0.40219.1
Project("{FAE04EC0-301F-11D3-BF4B-00C04F79EFBC}") = "RabbitMQ.Producer", "RabbitMQ.Producer\RabbitMQ.Producer.csproj", "{AF6AAE06-737E-48A1-87D9-98AAD0DE37FA}"
EndProject
Project("{FAE04EC0-301F-11D3-BF4B-00C04F79EFBC}") = "RabbitMQ.Customer", "RabbitMQ.Customer\RabbitMQ.Customer.csproj", "{7FA6E4DF-E165-4729-B9AB-AE892F3D2684}"
EndProject
Project("{E53339B2-1760-4266-BCC7-CA923CBCF16C}") = "docker-compose", "docker-compose.dcproj", "{0F69BC17-C612-49E4-A979-561909D68F10}"
EndProject
Global
	GlobalSection(SolutionConfigurationPlatforms) = preSolution
		Debug|Any CPU = Debug|Any CPU
		Release|Any CPU = Release|Any CPU
	EndGlobalSection
	GlobalSection(ProjectConfigurationPlatforms) = postSolution
		{AF6AAE06-737E-48A1-87D9-98AAD0DE37FA}.Debug|Any CPU.ActiveCfg = Debug|Any CPU
		{AF6AAE06-737E-48A1-87D9-98AAD0DE37FA}.Debug|Any CPU.Build.0 = Debug|Any CPU
		{AF6AAE06-737E-48A1-87D9-98AAD0DE37FA}.Release|Any CPU.ActiveCfg = Release|Any CPU
		{AF6AAE06-737E-48A1-87D9-98AAD0DE37FA}.Release|Any CPU.Build.0 = Release|Any CPU
		{7FA6E4DF-E165-4729-B9AB-AE892F3D2684}.Debug|Any CPU.ActiveCfg = Debug|Any CPU
		{7FA6E4DF-E165-4729-B9AB-AE892F3D2684}.Debug|Any CPU.Build.0 = Debug|Any CPU
		{7FA6E4DF-E165-4729-B9AB-AE892F3D2684}.Release|Any CPU.ActiveCfg = Release|Any CPU
		{7FA6E4DF-E165-4729-B9AB-AE892F3D2684}.Release|Any CPU.Build.0 = Release|Any CPU
		{0F69BC17-C612-49E4-A979-561909D68F10}.Debug|Any CPU.ActiveCfg = Debug|Any CPU
		{0F69BC17-C612-49E4-A979-561909D68F10}.Debug|Any CPU.Build.0 = Debug|Any CPU
		{0F69BC17-C612-49E4-A979-561909D68F10}.Release|Any CPU.ActiveCfg = Release|Any CPU
		{0F69BC17-C612-49E4-A979-561909D68F10}.Release|Any CPU.Build.0 = Release|Any CPU
	EndGlobalSection
	GlobalSection(SolutionProperties) = preSolution
		HideSolutionNode = FALSE
	EndGlobalSection
	GlobalSection(ExtensibilityGlobals) = postSolution
		SolutionGuid = {BA551A95-1B04-4399-8E71-FEF7D47717E9}
	EndGlobalSection
EndGlobal
